
Microsoft Visual Studio Solution File, Format Version 12.00
# Visual Studio 15
Project("{FAE04EC0-301F-11D3-BF4B-00C04F79EFBC}") = "Assembly-CSharp", "Assembly-CSharp.csproj", "{031B96B0-6D1E-4794-6001-983FBF20711E}"
EndProject
Project("{FAE04EC0-301F-11D3-BF4B-00C04F79EFBC}") = "Assembly-CSharp-Editor", "Assembly-CSharp-Editor.csproj", "{3925E1CF-8001-A75B-F769-4E5FECFC0530}"
EndProject
Global
	GlobalSection(SolutionConfigurationPlatforms) = preSolution
		Debug|Any CPU = Debug|Any CPU
		Release|Any CPU = Release|Any CPU
	EndGlobalSection
	GlobalSection(ProjectConfigurationPlatforms) = postSolution
		{031B96B0-6D1E-4794-6001-983FBF20711E}.Debug|Any CPU.ActiveCfg = Debug|Any CPU
		{031B96B0-6D1E-4794-6001-983FBF20711E}.Debug|Any CPU.Build.0 = Debug|Any CPU
		{031B96B0-6D1E-4794-6001-983FBF20711E}.Release|Any CPU.ActiveCfg = Release|Any CPU
		{031B96B0-6D1E-4794-6001-983FBF20711E}.Release|Any CPU.Build.0 = Release|Any CPU
		{3925E1CF-8001-A75B-F769-4E5FECFC0530}.Debug|Any CPU.ActiveCfg = Debug|Any CPU
		{3925E1CF-8001-A75B-F769-4E5FECFC0530}.Debug|Any CPU.Build.0 = Debug|Any CPU
		{3925E1CF-8001-A75B-F769-4E5FECFC0530}.Release|Any CPU.ActiveCfg = Release|Any CPU
		{3925E1CF-8001-A75B-F769-4E5FECFC0530}.Release|Any CPU.Build.0 = Release|Any CPU
	EndGlobalSection
	GlobalSection(SolutionProperties) = preSolution
		HideSolutionNode = FALSE
	EndGlobalSection
EndGlobal
